
Microsoft Visual Studio Solution File, Format Version 12.00
# Visual Studio Version 16
VisualStudioVersion = 16.0.31624.102
MinimumVisualStudioVersion = 10.0.40219.1
Project("{FAE04EC0-301F-11D3-BF4B-00C04F79EFBC}") = "BEPilMoney", "BEPilMoney\BEPilMoney.csproj", "{80381838-9BD6-4E82-87C2-89909938044F}"
EndProject
Global
	GlobalSection(SolutionConfigurationPlatforms) = preSolution
		Debug|Any CPU = Debug|Any CPU
		Release|Any CPU = Release|Any CPU
	EndGlobalSection
	GlobalSection(ProjectConfigurationPlatforms) = postSolution
		{80381838-9BD6-4E82-87C2-89909938044F}.Debug|Any CPU.ActiveCfg = Debug|Any CPU
		{80381838-9BD6-4E82-87C2-89909938044F}.Debug|Any CPU.Build.0 = Debug|Any CPU
		{80381838-9BD6-4E82-87C2-89909938044F}.Release|Any CPU.ActiveCfg = Release|Any CPU
		{80381838-9BD6-4E82-87C2-89909938044F}.Release|Any CPU.Build.0 = Release|Any CPU
	EndGlobalSection
	GlobalSection(SolutionProperties) = preSolution
		HideSolutionNode = FALSE
	EndGlobalSection
	GlobalSection(ExtensibilityGlobals) = postSolution
		SolutionGuid = {290FA9BB-9D9D-4E9E-9FA9-6E50FEBF5370}
	EndGlobalSection
EndGlobal
